
Microsoft Visual Studio Solution File, Format Version 12.00
# Visual Studio Version 17
VisualStudioVersion = 17.2.32526.322
MinimumVisualStudioVersion = 10.0.40219.1
Project("{FAE04EC0-301F-11D3-BF4B-00C04F79EFBC}") = "Paint", "Paint\Paint.csproj", "{495DC6E2-E312-4CAF-B3EF-EBA7B2B20557}"
EndProject
Global
	GlobalSection(SolutionConfigurationPlatforms) = preSolution
		Debug|Any CPU = Debug|Any CPU
		Release|Any CPU = Release|Any CPU
	EndGlobalSection
	GlobalSection(ProjectConfigurationPlatforms) = postSolution
		{495DC6E2-E312-4CAF-B3EF-EBA7B2B20557}.Debug|Any CPU.ActiveCfg = Debug|Any CPU
		{495DC6E2-E312-4CAF-B3EF-EBA7B2B20557}.Debug|Any CPU.Build.0 = Debug|Any CPU
		{495DC6E2-E312-4CAF-B3EF-EBA7B2B20557}.Release|Any CPU.ActiveCfg = Release|Any CPU
		{495DC6E2-E312-4CAF-B3EF-EBA7B2B20557}.Release|Any CPU.Build.0 = Release|Any CPU
	EndGlobalSection
	GlobalSection(SolutionProperties) = preSolution
		HideSolutionNode = FALSE
	EndGlobalSection
	GlobalSection(ExtensibilityGlobals) = postSolution
		SolutionGuid = {D81D869B-266A-4117-AE2F-E6F5F1FEFC8B}
	EndGlobalSection
EndGlobal
